
Microsoft Visual Studio Solution File, Format Version 12.00
# Visual Studio Version 17
VisualStudioVersion = 17.13.35825.156 d17.13
MinimumVisualStudioVersion = 10.0.40219.1
Project("{FAE04EC0-301F-11D3-BF4B-00C04F79EFBC}") = "cykelnomader-image-server", "cykelnomader-image-server\cykelnomader-image-server.csproj", "{5F789B36-B79D-4AE2-A5EA-8AE8E7DF3230}"
EndProject
Global
	GlobalSection(SolutionConfigurationPlatforms) = preSolution
		Debug|Any CPU = Debug|Any CPU
		Release|Any CPU = Release|Any CPU
	EndGlobalSection
	GlobalSection(ProjectConfigurationPlatforms) = postSolution
		{5F789B36-B79D-4AE2-A5EA-8AE8E7DF3230}.Debug|Any CPU.ActiveCfg = Debug|Any CPU
		{5F789B36-B79D-4AE2-A5EA-8AE8E7DF3230}.Debug|Any CPU.Build.0 = Debug|Any CPU
		{5F789B36-B79D-4AE2-A5EA-8AE8E7DF3230}.Release|Any CPU.ActiveCfg = Release|Any CPU
		{5F789B36-B79D-4AE2-A5EA-8AE8E7DF3230}.Release|Any CPU.Build.0 = Release|Any CPU
	EndGlobalSection
	GlobalSection(SolutionProperties) = preSolution
		HideSolutionNode = FALSE
	EndGlobalSection
	GlobalSection(ExtensibilityGlobals) = postSolution
		SolutionGuid = {1B4799B6-EF95-4C21-88FB-2A6F710E5154}
	EndGlobalSection
EndGlobal
